
Microsoft Visual Studio Solution File, Format Version 12.00
# Visual Studio Version 17
VisualStudioVersion = 17.3.32929.385
MinimumVisualStudioVersion = 10.0.40219.1
Project("{FAE04EC0-301F-11D3-BF4B-00C04F79EFBC}") = "GymAPI", "ApiAlejandro\GymAPI.csproj", "{C666F678-E241-4731-B3E9-9A2BBD7F83BE}"
EndProject
Global
	GlobalSection(SolutionConfigurationPlatforms) = preSolution
		Debug|Any CPU = Debug|Any CPU
		Release|Any CPU = Release|Any CPU
	EndGlobalSection
	GlobalSection(ProjectConfigurationPlatforms) = postSolution
		{C666F678-E241-4731-B3E9-9A2BBD7F83BE}.Debug|Any CPU.ActiveCfg = Debug|Any CPU
		{C666F678-E241-4731-B3E9-9A2BBD7F83BE}.Debug|Any CPU.Build.0 = Debug|Any CPU
		{C666F678-E241-4731-B3E9-9A2BBD7F83BE}.Release|Any CPU.ActiveCfg = Release|Any CPU
		{C666F678-E241-4731-B3E9-9A2BBD7F83BE}.Release|Any CPU.Build.0 = Release|Any CPU
	EndGlobalSection
	GlobalSection(SolutionProperties) = preSolution
		HideSolutionNode = FALSE
	EndGlobalSection
	GlobalSection(ExtensibilityGlobals) = postSolution
		SolutionGuid = {C7B2050B-5114-4AAA-A0DC-49B036ACDAD1}
	EndGlobalSection
EndGlobal
